Microsoft Visual Studio Solution File, Format Version 12.00
# Visual Studio Version 16
VisualStudioVersion = 16.0.32802.440
MinimumVisualStudioVersion = 10.0.40219.1
Project("{8BC9CEB8-8B4A-11D0-8D11-00A0C91BC942}") = "sk3wldbg", "sk3wldbg.vcxproj", "{7B4A96A3-659F-44A7-8A1E-B99CB16DD02E}"
EndProject
Global
	GlobalSection(SolutionConfigurationPlatforms) = preSolution
		Release|x64 = Release|x64
		Release64|x64 = Release64|x64
	EndGlobalSection
	GlobalSection(ProjectConfigurationPlatforms) = postSolution
		{7B4A96A3-659F-44A7-8A1E-B99CB16DD02E}.Release|x64.ActiveCfg = Release|x64
		{7B4A96A3-659F-44A7-8A1E-B99CB16DD02E}.Release|x64.Build.0 = Release|x64
		{7B4A96A3-659F-44A7-8A1E-B99CB16DD02E}.Release64|x64.ActiveCfg = Release64|x64
		{7B4A96A3-659F-44A7-8A1E-B99CB16DD02E}.Release64|x64.Build.0 = Release64|x64
	EndGlobalSection
	GlobalSection(SolutionProperties) = preSolution
		HideSolutionNode = FALSE
	EndGlobalSection
	GlobalSection(ExtensibilityGlobals) = postSolution
		SolutionGuid = {190847E4-08FB-4B47-96EC-779B65313FC4}
	EndGlobalSection
EndGlobal
