<?xml version="1.0" encoding="utf-8"?>
<Project ToolsVersion="4.0" xmlns="http://schemas.microsoft.com/developer/msbuild/2003">
  <ItemGroup>
    <Filter Include="Source Files">
      <UniqueIdentifier>{66bf7bc0-eeba-4bc3-9122-b703939aded1}</UniqueIdentifier>
      <Extensions>cpp;c;cxx;rc;def;r;odl;idl;hpj;bat</Extensions>
    </Filter>
    <Filter Include="Header Files">
      <UniqueIdentifier>{6231a689-590d-458b-b802-12bd4f39ff5a}</UniqueIdentifier>
      <Extensions>h;hpp;hxx;hm;inl</Extensions>
    </Filter>
    <Filter Include="Resource Files">
      <UniqueIdentifier>{80893d90-0de1-4ed1-b3e2-6b799d770fe6}</UniqueIdentifier>
      <Extensions>ico;cur;bmp;dlg;rc2;rct;bin;rgs;gif;jpg;jpeg;jpe</Extensions>
    </Filter>
  </ItemGroup>
  <ItemGroup>
    <ClCompile Include="..\loader.cpp">
      <Filter>Source Files</Filter>
    </ClCompile>
    <ClCompile Include="..\sk3wldbg_plugin.cpp">
      <Filter>Source Files</Filter>
    </ClCompile>
    <ClCompile Include="..\sk3wldbg.cpp">
      <Filter>Source Files</Filter>
    </ClCompile>
    <ClCompile Include="..\sk3wldbg_arm.cpp">
      <Filter>Source Files</Filter>
    </ClCompile>
    <ClCompile Include="..\sk3wldbg_m68k.cpp">
      <Filter>Source Files</Filter>
    </ClCompile>
    <ClCompile Include="..\sk3wldbg_mips.cpp">
      <Filter>Source Files</Filter>
    </ClCompile>
    <ClCompile Include="..\sk3wldbg_ppc.cpp">
      <Filter>Source Files</Filter>
    </ClCompile>
    <ClCompile Include="..\sk3wldbg_sparc.cpp">
      <Filter>Source Files</Filter>
    </ClCompile>
    <ClCompile Include="..\sk3wldbg_x86.cpp">
      <Filter>Source Files</Filter>
    </ClCompile>
    <ClCompile Include="..\mem_mgr.cpp">
      <Filter>Source Files</Filter>
    </ClCompile>
    <ClCompile Include="..\idc_funcs.cpp">
      <Filter>Source Files</Filter>
    </ClCompile>
  </ItemGroup>
  <ItemGroup>
    <ClInclude Include="..\loader.h">
      <Filter>Header Files</Filter>
    </ClInclude>
    <ClInclude Include="..\sk3wldbg.h">
      <Filter>Header Files</Filter>
    </ClInclude>
    <ClInclude Include="..\sk3wldbg_arm.h">
      <Filter>Header Files</Filter>
    </ClInclude>
    <ClInclude Include="..\sk3wldbg_m68k.h">
      <Filter>Header Files</Filter>
    </ClInclude>
    <ClInclude Include="..\sk3wldbg_mips.h">
      <Filter>Header Files</Filter>
    </ClInclude>
    <ClInclude Include="..\sk3wldbg_ppc.h">
      <Filter>Header Files</Filter>
    </ClInclude>
    <ClInclude Include="..\sk3wldbg_sparc.h">
      <Filter>Header Files</Filter>
    </ClInclude>
    <ClInclude Include="..\sk3wldbg_x86.h">
      <Filter>Header Files</Filter>
    </ClInclude>
    <ClInclude Include="..\mem_mgr.h">
      <Filter>Header Files</Filter>
    </ClInclude>
    <ClInclude Include="..\idc_funcs.h">
      <Filter>Header Files</Filter>
    </ClInclude>
    <ClInclude Include="..\elf_local.h">
      <Filter>Header Files</Filter>
    </ClInclude>
    <ClInclude Include="..\pe_local.h">
      <Filter>Header Files</Filter>
    </ClInclude>
    <ClInclude Include="..\heap.h">
      <Filter>Header Files</Filter>
    </ClInclude>
  </ItemGroup>
</Project>